
Microsoft Visual Studio Solution File, Format Version 12.00
# Visual Studio 15
VisualStudioVersion = 15.0.28010.2003
MinimumVisualStudioVersion = 10.0.40219.1
Project("{8BC9CEB8-8B4A-11D0-8D11-00A0C91BC942}") = "Calculator", "Calculator\Calculator.vcxproj", "{0765D98B-5653-4BF6-B1A2-9464C502A009}"
EndProject
Project("{8BC9CEB8-8B4A-11D0-8D11-00A0C91BC942}") = "Calculator-Test1", "Calculator-Test1\Calculator-Test1.vcxproj", "{441A7805-9EE1-4B33-B0DD-85DA37848BE3}"
EndProject
Global
	GlobalSection(SolutionConfigurationPlatforms) = preSolution
		Debug|x64 = Debug|x64
		Debug|x86 = Debug|x86
		Release|x64 = Release|x64
		Release|x86 = Release|x86
	EndGlobalSection
	GlobalSection(ProjectConfigurationPlatforms) = postSolution
		{0765D98B-5653-4BF6-B1A2-9464C502A009}.Debug|x64.ActiveCfg = Debug|x64
		{0765D98B-5653-4BF6-B1A2-9464C502A009}.Debug|x64.Build.0 = Debug|x64
		{0765D98B-5653-4BF6-B1A2-9464C502A009}.Debug|x86.ActiveCfg = Debug|Win32
		{0765D98B-5653-4BF6-B1A2-9464C502A009}.Debug|x86.Build.0 = Debug|Win32
		{0765D98B-5653-4BF6-B1A2-9464C502A009}.Release|x64.ActiveCfg = Release|x64
		{0765D98B-5653-4BF6-B1A2-9464C502A009}.Release|x64.Build.0 = Release|x64
		{0765D98B-5653-4BF6-B1A2-9464C502A009}.Release|x86.ActiveCfg = Release|Win32
		{0765D98B-5653-4BF6-B1A2-9464C502A009}.Release|x86.Build.0 = Release|Win32
		{441A7805-9EE1-4B33-B0DD-85DA37848BE3}.Debug|x64.ActiveCfg = Debug|x64
		{441A7805-9EE1-4B33-B0DD-85DA37848BE3}.Debug|x64.Build.0 = Debug|x64
		{441A7805-9EE1-4B33-B0DD-85DA37848BE3}.Debug|x86.ActiveCfg = Debug|Win32
		{441A7805-9EE1-4B33-B0DD-85DA37848BE3}.Debug|x86.Build.0 = Debug|Win32
		{441A7805-9EE1-4B33-B0DD-85DA37848BE3}.Release|x64.ActiveCfg = Release|x64
		{441A7805-9EE1-4B33-B0DD-85DA37848BE3}.Release|x64.Build.0 = Release|x64
		{441A7805-9EE1-4B33-B0DD-85DA37848BE3}.Release|x86.ActiveCfg = Release|Win32
		{441A7805-9EE1-4B33-B0DD-85DA37848BE3}.Release|x86.Build.0 = Release|Win32
	EndGlobalSection
	GlobalSection(SolutionProperties) = preSolution
		HideSolutionNode = FALSE
	EndGlobalSection
	GlobalSection(ExtensibilityGlobals) = postSolution
		SolutionGuid = {68F420F1-F24A-4B38-A0F8-701B9E2FF93B}
	EndGlobalSection
EndGlobal
